
Microsoft Visual Studio Solution File, Format Version 12.00
# Visual Studio Version 16
VisualStudioVersion = 16.0.31205.134
MinimumVisualStudioVersion = 10.0.40219.1
Project("{9A19103F-16F7-4668-BE54-9A1E7A4F7556}") = "ScooterRentalTests", "ScooterRentalTests\ScooterRentalTests.csproj", "{52428381-8ADD-4FB7-91FB-1882F5B06ABB}"
EndProject
Project("{9A19103F-16F7-4668-BE54-9A1E7A4F7556}") = "ScooterRental.Core", "ScooterRental.Core\ScooterRental.Core.csproj", "{A26B0440-C2D1-4C96-B1F2-81177E900906}"
EndProject
Global
	GlobalSection(SolutionConfigurationPlatforms) = preSolution
		Debug|Any CPU = Debug|Any CPU
		Release|Any CPU = Release|Any CPU
	EndGlobalSection
	GlobalSection(ProjectConfigurationPlatforms) = postSolution
		{52428381-8ADD-4FB7-91FB-1882F5B06ABB}.Debug|Any CPU.ActiveCfg = Debug|Any CPU
		{52428381-8ADD-4FB7-91FB-1882F5B06ABB}.Debug|Any CPU.Build.0 = Debug|Any CPU
		{52428381-8ADD-4FB7-91FB-1882F5B06ABB}.Release|Any CPU.ActiveCfg = Release|Any CPU
		{52428381-8ADD-4FB7-91FB-1882F5B06ABB}.Release|Any CPU.Build.0 = Release|Any CPU
		{A26B0440-C2D1-4C96-B1F2-81177E900906}.Debug|Any CPU.ActiveCfg = Debug|Any CPU
		{A26B0440-C2D1-4C96-B1F2-81177E900906}.Debug|Any CPU.Build.0 = Debug|Any CPU
		{A26B0440-C2D1-4C96-B1F2-81177E900906}.Release|Any CPU.ActiveCfg = Release|Any CPU
		{A26B0440-C2D1-4C96-B1F2-81177E900906}.Release|Any CPU.Build.0 = Release|Any CPU
	EndGlobalSection
	GlobalSection(SolutionProperties) = preSolution
		HideSolutionNode = FALSE
	EndGlobalSection
	GlobalSection(ExtensibilityGlobals) = postSolution
		SolutionGuid = {46FF08F9-92B5-4715-B4F6-4ECE35DD3606}
	EndGlobalSection
EndGlobal
